
Microsoft Visual Studio Solution File, Format Version 12.00
# Visual Studio Version 17
VisualStudioVersion = 17.3.32922.545
MinimumVisualStudioVersion = 10.0.40219.1
Project("{FAE04EC0-301F-11D3-BF4B-00C04F79EFBC}") = "CrudApp", "CrudApp\CrudApp.csproj", "{2FC6FF15-4AA6-4B7B-BFFB-CA26AF6A2552}"
EndProject
Global
	GlobalSection(SolutionConfigurationPlatforms) = preSolution
		Debug|Any CPU = Debug|Any CPU
		Release|Any CPU = Release|Any CPU
	EndGlobalSection
	GlobalSection(ProjectConfigurationPlatforms) = postSolution
		{2FC6FF15-4AA6-4B7B-BFFB-CA26AF6A2552}.Debug|Any CPU.ActiveCfg = Debug|Any CPU
		{2FC6FF15-4AA6-4B7B-BFFB-CA26AF6A2552}.Debug|Any CPU.Build.0 = Debug|Any CPU
		{2FC6FF15-4AA6-4B7B-BFFB-CA26AF6A2552}.Release|Any CPU.ActiveCfg = Release|Any CPU
		{2FC6FF15-4AA6-4B7B-BFFB-CA26AF6A2552}.Release|Any CPU.Build.0 = Release|Any CPU
	EndGlobalSection
	GlobalSection(SolutionProperties) = preSolution
		HideSolutionNode = FALSE
	EndGlobalSection
	GlobalSection(ExtensibilityGlobals) = postSolution
		SolutionGuid = {E7339662-AC8F-48C7-A5F1-3AC9D56C4C51}
	EndGlobalSection
EndGlobal
